{
  "version": 4,
  "terraform_version": "1.14.0",
  "serial": 6,
  "lineage": "7620f073-86ed-5d5e-32a0-91f26bfdf984",
  "outputs": {
    "public_ip": {
      "value": "34.22.143.69",
      "type": "string"
    }
  },
  "resources": [
    {
      "mode": "managed",
      "type": "google_compute_firewall",
      "name": "http_8080",
      "provider": "provider[\"registry.terraform.io/hashicorp/google\"]",
      "instances": [
        {
          "schema_version": 1,
          "attributes": {
            "allow": [
              {
                "ports": [
                  "8080"
                ],
                "protocol": "tcp"
              }
            ],
            "creation_timestamp": "2025-11-22T07:22:07.221-08:00",
            "deny": [],
            "description": "",
            "destination_ranges": [],
            "direction": "INGRESS",
            "disabled": false,
            "enable_logging": null,
            "id": "projects/devops-go-app/global/firewalls/allow-go-app-8080",
            "log_config": [],
            "name": "allow-go-app-8080",
            "network": "https://www.googleapis.com/compute/v1/projects/devops-go-app/global/networks/default",
            "priority": 1000,
            "project": "devops-go-app",
            "self_link": "https://www.googleapis.com/compute/v1/projects/devops-go-app/global/firewalls/allow-go-app-8080",
            "source_ranges": [
              "0.0.0.0/0"
            ],
            "source_service_accounts": null,
            "source_tags": null,
            "target_service_accounts": null,
            "target_tags": [
              "http-server"
            ],
            "timeouts": null
          },
          "sensitive_attributes": [],
          "identity_schema_version": 0,
          "private": "eyJlMmJmYjczMC1lY2FhLTExZTYtOGY4OC0zNDM2M2JjN2M0YzAiOnsiY3JlYXRlIjoxMjAwMDAwMDAwMDAwLCJkZWxldGUiOjEyMDAwMDAwMDAwMDAsInVwZGF0ZSI6MTIwMDAwMDAwMDAwMH0sInNjaGVtYV92ZXJzaW9uIjoiMSJ9"
        }
      ]
    },
    {
      "mode": "managed",
      "type": "google_compute_instance",
      "name": "app_server",
      "provider": "provider[\"registry.terraform.io/hashicorp/google\"]",
      "instances": [
        {
          "schema_version": 6,
          "attributes": {
            "advanced_machine_features": [],
            "allow_stopping_for_update": null,
            "attached_disk": [],
            "boot_disk": [
              {
                "auto_delete": true,
                "device_name": "persistent-disk-0",
                "disk_encryption_key_raw": "",
                "disk_encryption_key_sha256": "",
                "initialize_params": [
                  {
                    "enable_confidential_compute": false,
                    "image": "https://www.googleapis.com/compute/v1/projects/debian-cloud/global/images/debian-11-bullseye-v20251111",
                    "labels": {},
                    "provisioned_iops": 0,
                    "provisioned_throughput": 0,
                    "resource_manager_tags": null,
                    "size": 10,
                    "storage_pool": "",
                    "type": "pd-standard"
                  }
                ],
                "kms_key_self_link": "",
                "mode": "READ_WRITE",
                "source": "https://www.googleapis.com/compute/v1/projects/devops-go-app/zones/europe-west1-b/disks/go-app-vm"
              }
            ],
            "can_ip_forward": false,
            "confidential_instance_config": [],
            "cpu_platform": "Intel Broadwell",
            "current_status": "RUNNING",
            "deletion_protection": false,
            "description": "",
            "desired_status": null,
            "effective_labels": {},
            "enable_display": false,
            "guest_accelerator": [],
            "hostname": "",
            "id": "projects/devops-go-app/zones/europe-west1-b/instances/go-app-vm",
            "instance_id": "6740950852028885967",
            "label_fingerprint": "42WmSpB8rSM=",
            "labels": null,
            "machine_type": "e2-micro",
            "metadata": {
              "ssh-keys": "ssh-rsa AAAAB3NzaC1yc2EAAAADAQABAAACAQDfmHFLe1UX1p/Rc7PlUZjAowNT4FylUVU7GbVNaQi+tw2eTZLH1ZzrbFmFxDYN38b1yGX2FcnCjKC0A8Egr1kOzs/lfdm3ifO5wQdFwqRkuRromyKed6CgFZU4GtPv9iivYL+ADhZ8aBw4pZ9UAko1N3Spw2kCCMVBFL0wdzVDhDumOv4Rb8qzpLKt3SbzIN5Z6TDUuLhDK+5Igu4ZrGq+vAosiazd4E6/OcDPOhCIHdtI4eJ2su8VgBNB+NKUcjmv9i2ImmylciXQR3ndY4PqswX7OZBv7AffOIUwFYLidECTtFuLglAnPnt4hdAf79AJUNo6wQnp+uiH+noPbFF0WHl7l6Ds2gYf2Kkv9QLQvHWd+oq9AbqhlGLndQAbWVu95x8OjCA0FtRTzP8Q2MDw0qPiE1D4jZx558JslNk75rDnY9UQm1i/wCZ4I19Esho//ho7++dYKnIkQ5tvPlePKBssAubCmGsuSUjaegJWjoZgNBmTcv1wl5Sc8jx4Nv5JgVlFdzfpPUiY17cqPXnOJtXf3nSfwulyOZPOAu7aRQPsPk5Op9JaX6tNHtAdTEotmU6lqMaPbrrzO4kziYDtPz/0i2OqrQIPnW6v1p23Q9jMppt1y7AJYVvpaR32jjTueo60oaADILWVDYPcIwQvIQ/bSaNXxopwmiwWsVqAcw== ubuntu@LAPTOP-PD1S6CQ5"
            },
            "metadata_fingerprint": "tTjXFm32yNo=",
            "metadata_startup_script": null,
            "min_cpu_platform": "",
            "name": "go-app-vm",
            "network_interface": [
              {
                "access_config": [
                  {
                    "nat_ip": "34.22.143.69",
                    "network_tier": "PREMIUM",
                    "public_ptr_domain_name": ""
                  }
                ],
                "alias_ip_range": [],
                "internal_ipv6_prefix_length": 0,
                "ipv6_access_config": [],
                "ipv6_access_type": "",
                "ipv6_address": "",
                "name": "nic0",
                "network": "https://www.googleapis.com/compute/v1/projects/devops-go-app/global/networks/default",
                "network_ip": "10.132.0.2",
                "nic_type": "",
                "queue_count": 0,
                "stack_type": "IPV4_ONLY",
                "subnetwork": "https://www.googleapis.com/compute/v1/projects/devops-go-app/regions/europe-west1/subnetworks/default",
                "subnetwork_project": "devops-go-app"
              }
            ],
            "network_performance_config": [],
            "params": [],
            "project": "devops-go-app",
            "reservation_affinity": [],
            "resource_policies": null,
            "scheduling": [
              {
                "automatic_restart": true,
                "instance_termination_action": "",
                "local_ssd_recovery_timeout": [],
                "max_run_duration": [],
                "min_node_cpus": 0,
                "node_affinities": [],
                "on_host_maintenance": "MIGRATE",
                "on_instance_stop_action": [],
                "preemptible": false,
                "provisioning_model": "STANDARD"
              }
            ],
            "scratch_disk": [],
            "self_link": "https://www.googleapis.com/compute/v1/projects/devops-go-app/zones/europe-west1-b/instances/go-app-vm",
            "service_account": [],
            "shielded_instance_config": [
              {
                "enable_integrity_monitoring": true,
                "enable_secure_boot": false,
                "enable_vtpm": true
              }
            ],
            "tags": [
              "ansible-target",
              "http-server"
            ],
            "tags_fingerprint": "j07s55V7Cek=",
            "terraform_labels": {},
            "timeouts": null,
            "zone": "europe-west1-b"
          },
          "sensitive_attributes": [
            [
              {
                "type": "get_attr",
                "value": "boot_disk"
              },
              {
                "type": "index",
                "value": {
                  "value": 0,
                  "type": "number"
                }
              },
              {
                "type": "get_attr",
                "value": "disk_encryption_key_raw"
              }
            ]
          ],
          "identity_schema_version": 0,
          "private": "eyJlMmJmYjczMC1lY2FhLTExZTYtOGY4OC0zNDM2M2JjN2M0YzAiOnsiY3JlYXRlIjoxMjAwMDAwMDAwMDAwLCJkZWxldGUiOjEyMDAwMDAwMDAwMDAsInVwZGF0ZSI6MTIwMDAwMDAwMDAwMH0sInNjaGVtYV92ZXJzaW9uIjoiNiJ9"
        }
      ]
    }
  ],
  "check_results": null
}
